// !$*UTF8*$!
{
	archiveVersion = 1;
	classes = {
	};
	objectVersion = 46;
	objects = {

/* Begin PBXBuildFile section */
		9460D5881DE4396700E17F65 /* main.m in Sources */ = {isa = PBXBuildFile; fileRef = 9460D5871DE4396700E17F65 /* main.m */; };
		9460D5901DE4397D00E17F65 /* NSString+ConvertEncoding.m in Sources */ = {isa = PBXBuildFile; fileRef = 9460D58F1DE4397D00E17F65 /* NSString+ConvertEncoding.m */; };
/* End PBXBuildFile section */

/* Begin PBXCopyFilesBuildPhase section */
		9460D5821DE4396700E17F65 /* CopyFiles */ = {
			isa = PBXCopyFilesBuildPhase;
			buildActionMask = 2147483647;
			dstPath = /usr/share/man/man1/;
			dstSubfolderSpec = 0;
			files = (
			);
			runOnlyForDeploymentPostprocessing = 1;
		};
/* End PBXCopyFilesBuildPhase section */

/* Begin PBXFileReference section */
		9460D5841DE4396700E17F65 /* NSStringConvertEncodingDemo */ = {isa = PBXFileReference; explicitFileType = "compiled.mach-o.executable"; includeInIndex = 0; path = NSStringConvertEncodingDemo; sourceTree = BUILT_PRODUCTS_DIR; };
		9460D5871DE4396700E17F65 /* main.m */ = {isa = PBXFileReference; lastKnownFileType = sourcecode.c.objc; path = main.m; sourceTree = "<group>"; };
		9460D58E1DE4397D00E17F65 /* NSString+ConvertEncoding.h */ = {isa = PBXFileReference; fileEncoding = 4; lastKnownFileType = sourcecode.c.h; path = "NSString+ConvertEncoding.h"; sourceTree = "<group>"; };
		9460D58F1DE4397D00E17F65 /* NSString+ConvertEncoding.m */ = {isa = PBXFileReference; fileEncoding = 4; lastKnownFileType = sourcecode.c.objc; path = "NSString+ConvertEncoding.m"; sourceTree = "<group>"; };
/* End PBXFileReference section */

/* Begin PBXFrameworksBuildPhase section */
		9460D5811DE4396700E17F65 /* Frameworks */ = {
			isa = PBXFrameworksBuildPhase;
			buildActionMask = 2147483647;
			files = (
			);
			runOnlyForDeploymentPostprocessing = 0;
		};
/* End PBXFrameworksBuildPhase section */

/* Begin PBXGroup section */
		9460D57B1DE4396700E17F65 = {
			isa = PBXGroup;
			children = (
				9460D5861DE4396700E17F65 /* NSStringConvertEncodingDemo */,
				9460D5851DE4396700E17F65 /* Products */,
			);
			sourceTree = "<group>";
		};
		9460D5851DE4396700E17F65 /* Products */ = {
			isa = PBXGroup;
			children = (
				9460D5841DE4396700E17F65 /* NSStringConvertEncodingDemo */,
			);
			name = Products;
			sourceTree = "<group>";
		};
		9460D5861DE4396700E17F65 /* NSStringConvertEncodingDemo */ = {
			isa = PBXGroup;
			children = (
				9460D5871DE4396700E17F65 /* main.m */,
				9460D58E1DE4397D00E17F65 /* NSString+ConvertEncoding.h */,
				9460D58F1DE4397D00E17F65 /* NSString+ConvertEncoding.m */,
			);
			path = NSStringConvertEncodingDemo;
			sourceTree = "<group>";
		};
/* End PBXGroup section */

/* Begin PBXNativeTarget section */
		9460D5831DE4396700E17F65 /* NSStringConvertEncodingDemo */ = {
			isa = PBXNativeTarget;
			buildConfigurationList = 9460D58B1DE4396700E17F65 /* Build configuration list for PBXNativeTarget "NSStringConvertEncodingDemo" */;
			buildPhases = (
				9460D5801DE4396700E17F65 /* Sources */,
				9460D5811DE4396700E17F65 /* Frameworks */,
				9460D5821DE4396700E17F65 /* CopyFiles */,
			);
			buildRules = (
			);
			dependencies = (
			);
			name = NSStringConvertEncodingDemo;
			productName = NSStringConvertEncodingDemo;
			productReference = 9460D5841DE4396700E17F65 /* NSStringConvertEncodingDemo */;
			productType = "com.apple.product-type.tool";
		};
/* End PBXNativeTarget section */

/* Begin PBXProject section */
		9460D57C1DE4396700E17F65 /* Project object */ = {
			isa = PBXProject;
			attributes = {
				LastUpgradeCheck = 0810;
				ORGANIZATIONNAME = JiongXing;
				TargetAttributes = {
					9460D5831DE4396700E17F65 = {
						CreatedOnToolsVersion = 8.1;
						ProvisioningStyle = Automatic;
					};
				};
			};
			buildConfigurationList = 9460D57F1DE4396700E17F65 /* Build configuration list for PBXProject "NSStringConvertEncodingDemo" */;
			compatibilityVersion = "Xcode 3.2";
			developmentRegion = English;
			hasScannedForEncodings = 0;
			knownRegions = (
				en,
			);
			mainGroup = 9460D57B1DE4396700E17F65;
			productRefGroup = 9460D5851DE4396700E17F65 /* Products */;
			projectDirPath = "";
			projectRoot = "";
			targets = (
				9460D5831DE4396700E17F65 /* NSStringConvertEncodingDemo */,
			);
		};
/* End PBXProject section */

/* Begin PBXSourcesBuildPhase section */
		9460D5801DE4396700E17F65 /* Sources */ = {
			isa = PBXSourcesBuildPhase;
			buildActionMask = 2147483647;
			files = (
				9460D5901DE4397D00E17F65 /* NSString+ConvertEncoding.m in Sources */,
				9460D5881DE4396700E17F65 /* main.m in Sources */,
			);
			runOnlyForDeploymentPostprocessing = 0;
		};
/* End PBXSourcesBuildPhase section */

/* Begin XCBuildConfiguration section */
		9460D5891DE4396700E17F65 /* Debug */ = {
			isa = XCBuildConfiguration;
			buildSettings = {
				ALWAYS_SEARCH_USER_PATHS = NO;
				CLANG_ANALYZER_NONNULL = YES;
				CLANG_CXX_LANGUAGE_STANDARD = "gnu++0x";
				CLANG_CXX_LIBRARY = "libc++";
				CLANG_ENABLE_MODULES = YES;
				CLANG_ENABLE_OBJC_ARC = YES;
				CLANG_WARN_BOOL_CONVERSION = YES;
				CLANG_WARN_CONSTANT_CONVERSION = YES;
				CLANG_WARN_DIRECT_OBJC_ISA_USAGE = YES_ERROR;
				CLANG_WARN_DOCUMENTATION_COMMENTS = YES;
				CLANG_WARN_EMPTY_BODY = YES;
				CLANG_WARN_ENUM_CONVERSION = YES;
				CLANG_WARN_INFINITE_RECURSION = YES;
				CLANG_WARN_INT_CONVERSION = YES;
				CLANG_WARN_OBJC_ROOT_CLASS = YES_ERROR;
				CLANG_WARN_SUSPICIOUS_MOVES = YES;
				CLANG_WARN_UNREACHABLE_CODE = YES;
				CLANG_WARN__DUPLICATE_METHOD_MATCH = YES;
				CODE_SIGN_IDENTITY = "-";
				COPY_PHASE_STRIP = NO;
				DEBUG_INFORMATION_FORMAT = dwarf;
				ENABLE_STRICT_OBJC_MSGSEND = YES;
				ENABLE_TESTABILITY = YES;
				GCC_C_LANGUAGE_STANDARD = gnu99;
				GCC_DYNAMIC_NO_PIC = NO;
				GCC_NO_COMMON_BLOCKS = YES;
				GCC_OPTIMIZATION_LEVEL = 0;
				GCC_PREPROCESSOR_DEFINITIONS = (
					"DEBUG=1",
					"$(inherited)",
				);
				GCC_WARN_64_TO_32_BIT_CONVERSION = YES;
				GCC_WARN_ABOUT_RETURN_TYPE = YES_ERROR;
				GCC_WARN_UNDECLARED_SELECTOR = YES;
				GCC_WARN_UNINITIALIZED_AUTOS = YES_AGGRESSIVE;
				GCC_WARN_UNUSED_FUNCTION = YES;
				GCC_WARN_UNUSED_VARIABLE = YES;
				MACOSX_DEPLOYMENT_TARGET = 10.12;
				MTL_ENABLE_DEBUG_INFO = YES;
				ONLY_ACTIVE_ARCH = YES;
				SDKROOT = macosx;
			};
			name = Debug;
		};
		9460D58A1DE4396700E17F65 /* Release */ = {
			isa = XCBuildConfiguration;
			buildSettings = {
				ALWAYS_SEARCH_USER_PATHS = NO;
				CLANG_ANALYZER_NONNULL = YES;
				CLANG_CXX_LANGUAGE_STANDARD = "gnu++0x";
				CLANG_CXX_LIBRARY = "libc++";
				CLANG_ENABLE_MODULES = YES;
				CLANG_ENABLE_OBJC_ARC = YES;
				CLANG_WARN_BOOL_CONVERSION = YES;
				CLANG_WARN_CONSTANT_CONVERSION = YES;
				CLANG_WARN_DIRECT_OBJC_ISA_USAGE = YES_ERROR;
				CLANG_WARN_DOCUMENTATION_COMMENTS = YES;
				CLANG_WARN_EMPTY_BODY = YES;
				CLANG_WARN_ENUM_CONVERSION = YES;
				CLANG_WARN_INFINITE_RECURSION = YES;
				CLANG_WARN_INT_CONVERSION = YES;
				CLANG_WARN_OBJC_ROOT_CLASS = YES_ERROR;
				CLANG_WARN_SUSPICIOUS_MOVES = YES;
				CLANG_WARN_UNREACHABLE_CODE = YES;
				CLANG_WARN__DUPLICATE_METHOD_MATCH = YES;
				CODE_SIGN_IDENTITY = "-";
				COPY_PHASE_STRIP = NO;
				DEBUG_INFORMATION_FORMAT = "dwarf-with-dsym";
				ENABLE_NS_ASSERTIONS = NO;
				ENABLE_STRICT_OBJC_MSGSEND = YES;
				GCC_C_LANGUAGE_STANDARD = gnu99;
				GCC_NO_COMMON_BLOCKS = YES;
				GCC_WARN_64_TO_32_BIT_CONVERSION = YES;
				GCC_WARN_ABOUT_RETURN_TYPE = YES_ERROR;
				GCC_WARN_UNDECLARED_SELECTOR = YES;
				GCC_WARN_UNINITIALIZED_AUTOS = YES_AGGRESSIVE;
				GCC_WARN_UNUSED_FUNCTION = YES;
				GCC_WARN_UNUSED_VARIABLE = YES;
				MACOSX_DEPLOYMENT_TARGET = 10.12;
				MTL_ENABLE_DEBUG_INFO = NO;
				SDKROOT = macosx;
			};
			name = Release;
		};
		9460D58C1DE4396700E17F65 /* Debug */ = {
			isa = XCBuildConfiguration;
			buildSettings = {
				PRODUCT_NAME = "$(TARGET_NAME)";
			};
			name = Debug;
		};
		9460D58D1DE4396700E17F65 /* Release */ = {
			isa = XCBuildConfiguration;
			buildSettings = {
				PRODUCT_NAME = "$(TARGET_NAME)";
			};
			name = Release;
		};
/* End XCBuildConfiguration section */

/* Begin XCConfigurationList section */
		9460D57F1DE4396700E17F65 /* Build configuration list for PBXProject "NSStringConvertEncodingDemo" */ = {
			isa = XCConfigurationList;
			buildConfigurations = (
				9460D5891DE4396700E17F65 /* Debug */,
				9460D58A1DE4396700E17F65 /* Release */,
			);
			defaultConfigurationIsVisible = 0;
			defaultConfigurationName = Release;
		};
		9460D58B1DE4396700E17F65 /* Build configuration list for PBXNativeTarget "NSStringConvertEncodingDemo" */ = {
			isa = XCConfigurationList;
			buildConfigurations = (
				9460D58C1DE4396700E17F65 /* Debug */,
				9460D58D1DE4396700E17F65 /* Release */,
			);
			defaultConfigurationIsVisible = 0;
		};
/* End XCConfigurationList section */
	};
	rootObject = 9460D57C1DE4396700E17F65 /* Project object */;
}
